
Microsoft Visual Studio Solution File, Format Version 12.00
# Visual Studio Version 17
VisualStudioVersion = 17.9.34902.65
MinimumVisualStudioVersion = 10.0.40219.1
Project("{FAE04EC0-301F-11D3-BF4B-00C04F79EFBC}") = "Shapes", "Shapes.csproj", "{85C6B000-EBE1-4432-B814-4F7AA360DCAB}"
EndProject
Global
	GlobalSection(SolutionConfigurationPlatforms) = preSolution
		Debug|Any CPU = Debug|Any CPU
		Release|Any CPU = Release|Any CPU
	EndGlobalSection
	GlobalSection(ProjectConfigurationPlatforms) = postSolution
		{85C6B000-EBE1-4432-B814-4F7AA360DCAB}.Debug|Any CPU.ActiveCfg = Debug|Any CPU
		{85C6B000-EBE1-4432-B814-4F7AA360DCAB}.Debug|Any CPU.Build.0 = Debug|Any CPU
		{85C6B000-EBE1-4432-B814-4F7AA360DCAB}.Release|Any CPU.ActiveCfg = Release|Any CPU
		{85C6B000-EBE1-4432-B814-4F7AA360DCAB}.Release|Any CPU.Build.0 = Release|Any CPU
	EndGlobalSection
	GlobalSection(SolutionProperties) = preSolution
		HideSolutionNode = FALSE
	EndGlobalSection
	GlobalSection(ExtensibilityGlobals) = postSolution
		SolutionGuid = {DD670AFB-34FE-441E-B832-19218B882690}
	EndGlobalSection
EndGlobal
